// !$*UTF8*$!
{
	archiveVersion = 1;
	classes = {
	};
	objectVersion = 50;
	objects = {

/* Begin PBXContainerItemProxy section */
		3C0A587326CF685800987C4C /* PBXContainerItemProxy */ = {
			isa = PBXContainerItemProxy;
			containerPortal = 3C0A586826CF685700987C4C /* Whitehouse-Petitions.xcodeproj */;
			proxyType = 2;
			remoteGlobalIDString = 3C0A585126CF685600987C4C;
			remoteInfo = "Whitehouse-Petitions";
		};
		3C2BE32026CE88E800324B65 /* PBXContainerItemProxy */ = {
			isa = PBXContainerItemProxy;
			containerPortal = 3C2BE31C26CE88E700324B65 /* ShoppingList.xcodeproj */;
			proxyType = 2;
			remoteGlobalIDString = 3C2BE30526CE88E600324B65;
			remoteInfo = ShoppingList;
		};
		3C3CE58926CD387B0008C2AB /* PBXContainerItemProxy */ = {
			isa = PBXContainerItemProxy;
			containerPortal = 3C3CE58026CD387A0008C2AB /* WordScramble.xcodeproj */;
			proxyType = 2;
			remoteGlobalIDString = 3C3CE56926CD38790008C2AB;
			remoteInfo = WordScramble;
		};
		3C788F0E26CBA26D00EA5FE0 /* PBXContainerItemProxy */ = {
			isa = PBXContainerItemProxy;
			containerPortal = 3C788F0826CBA26C00EA5FE0 /* SocialShare.xcodeproj */;
			proxyType = 2;
			remoteGlobalIDString = 3C788EF126CBA26B00EA5FE0;
			remoteInfo = SocialShare;
		};
		3C86B50426D4E01300F344C8 /* PBXContainerItemProxy */ = {
			isa = PBXContainerItemProxy;
			containerPortal = 3C86B4F926D4E01200F344C8 /* SwifyWords.xcodeproj */;
			proxyType = 2;
			remoteGlobalIDString = 3C86B4E226D4E01100F344C8;
			remoteInfo = SwifyWords;
		};
		3CA8E73E26CA89FF003AFD9E /* PBXContainerItemProxy */ = {
			isa = PBXContainerItemProxy;
			containerPortal = 3CA8E73A26CA89FE003AFD9E /* PhotoViewer.xcodeproj */;
			proxyType = 2;
			remoteGlobalIDString = 3CA8E72326CA89FC003AFD9E;
			remoteInfo = PhotoViewer;
		};
		3CA8E78226CA8DF8003AFD9E /* PBXContainerItemProxy */ = {
			isa = PBXContainerItemProxy;
			containerPortal = 3CA8E77E26CA8DF7003AFD9E /* GuessTheFlag.xcodeproj */;
			proxyType = 2;
			remoteGlobalIDString = 3CA8E76726CA8DF5003AFD9E;
			remoteInfo = GuessTheFlag;
		};
		3CC0F41E26D8B10300FA9006 /* PBXContainerItemProxy */ = {
			isa = PBXContainerItemProxy;
			containerPortal = 3CC0F41426D8B10300FA9006 /* PachinkoGame.xcodeproj */;
			proxyType = 2;
			remoteGlobalIDString = 3CC0F3FC26D8B10200FA9006;
			remoteInfo = PachinkoGame;
		};
		3CDCA57D26CE44EA00BCA491 /* PBXContainerItemProxy */ = {
			isa = PBXContainerItemProxy;
			containerPortal = 3CDCA57926CE44EA00BCA491 /* AdvancedAutoLayout.xcodeproj */;
			proxyType = 2;
			remoteGlobalIDString = 3CDCA56226CE44E800BCA491;
			remoteInfo = AdvancedAutoLayout;
		};
		3CDD86C026CBBD8100E8503C /* PBXContainerItemProxy */ = {
			isa = PBXContainerItemProxy;
			containerPortal = 3CDD86BC26CBBD8000E8503C /* CountryFlags.xcodeproj */;
			proxyType = 2;
			remoteGlobalIDString = 3CDD86A526CBBD8000E8503C;
			remoteInfo = CountryFlags;
		};
		3CDD871C26CBD1C300E8503C /* PBXContainerItemProxy */ = {
			isa = PBXContainerItemProxy;
			containerPortal = 3CDD871826CBD1C200E8503C /* EasyBrowser.xcodeproj */;
			proxyType = 2;
			remoteGlobalIDString = 3CDD870126CBD1C100E8503C;
			remoteInfo = EasyBrowser;
		};
		3CDD8C7626D66E5D00491DBD /* PBXContainerItemProxy */ = {
			isa = PBXContainerItemProxy;
			containerPortal = 3CDD8C6E26D66E5C00491DBD /* HangmanGame.xcodeproj */;
			proxyType = 2;
			remoteGlobalIDString = 3CDD8C5726D66E5A00491DBD;
			remoteInfo = HangmanGame;
		};
		3CFADE0226D7603C00319FE5 /* PBXContainerItemProxy */ = {
			isa = PBXContainerItemProxy;
			containerPortal = 3CFADDF926D7603B00319FE5 /* NameToFaces.xcodeproj */;
			proxyType = 2;
			remoteGlobalIDString = 3CFADDE226D7603900319FE5;
			remoteInfo = NameToFaces;
		};
/* End PBXContainerItemProxy section */

/* Begin PBXFileReference section */
		3C0A586826CF685700987C4C /* Whitehouse-Petitions.xcodeproj */ = {isa = PBXFileReference; lastKnownFileType = "wrapper.pb-project"; name = "Whitehouse-Petitions.xcodeproj"; path = "Whitehouse-Petitions/Whitehouse-Petitions.xcodeproj"; sourceTree = "<group>"; };
		3C2BE31C26CE88E700324B65 /* ShoppingList.xcodeproj */ = {isa = PBXFileReference; lastKnownFileType = "wrapper.pb-project"; name = ShoppingList.xcodeproj; path = ShoppingList/ShoppingList.xcodeproj; sourceTree = "<group>"; };
		3C3CE58026CD387A0008C2AB /* WordScramble.xcodeproj */ = {isa = PBXFileReference; lastKnownFileType = "wrapper.pb-project"; name = WordScramble.xcodeproj; path = WordScramble/WordScramble.xcodeproj; sourceTree = "<group>"; };
		3C788F0826CBA26C00EA5FE0 /* SocialShare.xcodeproj */ = {isa = PBXFileReference; lastKnownFileType = "wrapper.pb-project"; name = SocialShare.xcodeproj; path = SocialShare/SocialShare.xcodeproj; sourceTree = "<group>"; };
		3C86B4F926D4E01200F344C8 /* SwifyWords.xcodeproj */ = {isa = PBXFileReference; lastKnownFileType = "wrapper.pb-project"; name = SwifyWords.xcodeproj; path = SwifyWords/SwifyWords.xcodeproj; sourceTree = "<group>"; };
		3CA8E73A26CA89FE003AFD9E /* PhotoViewer.xcodeproj */ = {isa = PBXFileReference; lastKnownFileType = "wrapper.pb-project"; name = PhotoViewer.xcodeproj; path = PhotoViewer/PhotoViewer.xcodeproj; sourceTree = "<group>"; };
		3CA8E77E26CA8DF7003AFD9E /* GuessTheFlag.xcodeproj */ = {isa = PBXFileReference; lastKnownFileType = "wrapper.pb-project"; name = GuessTheFlag.xcodeproj; path = GuessTheFlag/GuessTheFlag.xcodeproj; sourceTree = "<group>"; };
		3CC0F41426D8B10300FA9006 /* PachinkoGame.xcodeproj */ = {isa = PBXFileReference; lastKnownFileType = "wrapper.pb-project"; name = PachinkoGame.xcodeproj; path = PachinkoGame/PachinkoGame.xcodeproj; sourceTree = "<group>"; };
		3CDCA57926CE44EA00BCA491 /* AdvancedAutoLayout.xcodeproj */ = {isa = PBXFileReference; lastKnownFileType = "wrapper.pb-project"; name = AdvancedAutoLayout.xcodeproj; path = AdvancedAutoLayout/AdvancedAutoLayout.xcodeproj; sourceTree = "<group>"; };
		3CDD86BC26CBBD8000E8503C /* CountryFlags.xcodeproj */ = {isa = PBXFileReference; lastKnownFileType = "wrapper.pb-project"; name = CountryFlags.xcodeproj; path = CountryFlags/CountryFlags.xcodeproj; sourceTree = "<group>"; };
		3CDD871826CBD1C200E8503C /* EasyBrowser.xcodeproj */ = {isa = PBXFileReference; lastKnownFileType = "wrapper.pb-project"; name = EasyBrowser.xcodeproj; path = EasyBrowser/EasyBrowser.xcodeproj; sourceTree = "<group>"; };
		3CDD8C6E26D66E5C00491DBD /* HangmanGame.xcodeproj */ = {isa = PBXFileReference; lastKnownFileType = "wrapper.pb-project"; name = HangmanGame.xcodeproj; path = HangmanGame/HangmanGame.xcodeproj; sourceTree = "<group>"; };
		3CFADDF926D7603B00319FE5 /* NameToFaces.xcodeproj */ = {isa = PBXFileReference; lastKnownFileType = "wrapper.pb-project"; name = NameToFaces.xcodeproj; path = NameToFaces/NameToFaces.xcodeproj; sourceTree = "<group>"; };
/* End PBXFileReference section */

/* Begin PBXGroup section */
		3C0A586926CF685700987C4C /* Products */ = {
			isa = PBXGroup;
			children = (
				3C0A587426CF685800987C4C /* Whitehouse-Petitions.app */,
			);
			name = Products;
			sourceTree = "<group>";
		};
		3C2BE31D26CE88E700324B65 /* Products */ = {
			isa = PBXGroup;
			children = (
				3C2BE32126CE88E800324B65 /* ShoppingList.app */,
			);
			name = Products;
			sourceTree = "<group>";
		};
		3C3CE58126CD387A0008C2AB /* Products */ = {
			isa = PBXGroup;
			children = (
				3C3CE58A26CD387B0008C2AB /* WordScramble.app */,
			);
			name = Products;
			sourceTree = "<group>";
		};
		3C788F0926CBA26C00EA5FE0 /* Products */ = {
			isa = PBXGroup;
			children = (
				3C788F0F26CBA26D00EA5FE0 /* SocialShare.app */,
			);
			name = Products;
			sourceTree = "<group>";
		};
		3C86B4FA26D4E01200F344C8 /* Products */ = {
			isa = PBXGroup;
			children = (
				3C86B50526D4E01300F344C8 /* SwifyWords.app */,
			);
			name = Products;
			sourceTree = "<group>";
		};
		3CA8E6C726CA84F0003AFD9E = {
			isa = PBXGroup;
			children = (
				3CC0F41426D8B10300FA9006 /* PachinkoGame.xcodeproj */,
				3CFADDF926D7603B00319FE5 /* NameToFaces.xcodeproj */,
				3CDD8C6E26D66E5C00491DBD /* HangmanGame.xcodeproj */,
				3C86B4F926D4E01200F344C8 /* SwifyWords.xcodeproj */,
				3C0A586826CF685700987C4C /* Whitehouse-Petitions.xcodeproj */,
				3C2BE31C26CE88E700324B65 /* ShoppingList.xcodeproj */,
				3CDCA57926CE44EA00BCA491 /* AdvancedAutoLayout.xcodeproj */,
				3C3CE58026CD387A0008C2AB /* WordScramble.xcodeproj */,
				3CDD871826CBD1C200E8503C /* EasyBrowser.xcodeproj */,
				3CDD86BC26CBBD8000E8503C /* CountryFlags.xcodeproj */,
				3C788F0826CBA26C00EA5FE0 /* SocialShare.xcodeproj */,
				3CA8E77E26CA8DF7003AFD9E /* GuessTheFlag.xcodeproj */,
				3CA8E73A26CA89FE003AFD9E /* PhotoViewer.xcodeproj */,
			);
			sourceTree = "<group>";
		};
		3CA8E73B26CA89FE003AFD9E /* Products */ = {
			isa = PBXGroup;
			children = (
				3CA8E73F26CA89FF003AFD9E /* PhotoViewer.app */,
			);
			name = Products;
			sourceTree = "<group>";
		};
		3CA8E77F26CA8DF7003AFD9E /* Products */ = {
			isa = PBXGroup;
			children = (
				3CA8E78326CA8DF8003AFD9E /* GuessTheFlag.app */,
			);
			name = Products;
			sourceTree = "<group>";
		};
		3CC0F41526D8B10300FA9006 /* Products */ = {
			isa = PBXGroup;
			children = (
				3CC0F41F26D8B10300FA9006 /* PachinkoGame.app */,
			);
			name = Products;
			sourceTree = "<group>";
		};
		3CDCA57A26CE44EA00BCA491 /* Products */ = {
			isa = PBXGroup;
			children = (
				3CDCA57E26CE44EA00BCA491 /* AdvancedAutoLayout.app */,
			);
			name = Products;
			sourceTree = "<group>";
		};
		3CDD86BD26CBBD8000E8503C /* Products */ = {
			isa = PBXGroup;
			children = (
				3CDD86C126CBBD8100E8503C /* CountryFlags.app */,
			);
			name = Products;
			sourceTree = "<group>";
		};
		3CDD871926CBD1C200E8503C /* Products */ = {
			isa = PBXGroup;
			children = (
				3CDD871D26CBD1C300E8503C /* EasyBrowser.app */,
			);
			name = Products;
			sourceTree = "<group>";
		};
		3CDD8C6F26D66E5C00491DBD /* Products */ = {
			isa = PBXGroup;
			children = (
				3CDD8C7726D66E5D00491DBD /* HangmanGame.app */,
			);
			name = Products;
			sourceTree = "<group>";
		};
		3CFADDFA26D7603B00319FE5 /* Products */ = {
			isa = PBXGroup;
			children = (
				3CFADE0326D7603C00319FE5 /* NameToFaces.app */,
			);
			name = Products;
			sourceTree = "<group>";
		};
/* End PBXGroup section */

/* Begin PBXProject section */
		3CA8E6C826CA84F0003AFD9E /* Project object */ = {
			isa = PBXProject;
			attributes = {
				LastUpgradeCheck = 1250;
			};
			buildConfigurationList = 3CA8E6CB26CA84F0003AFD9E /* Build configuration list for PBXProject "Swift-Samples" */;
			compatibilityVersion = "Xcode 9.3";
			developmentRegion = en;
			hasScannedForEncodings = 0;
			knownRegions = (
				en,
				Base,
			);
			mainGroup = 3CA8E6C726CA84F0003AFD9E;
			projectDirPath = "";
			projectReferences = (
				{
					ProductGroup = 3CDCA57A26CE44EA00BCA491 /* Products */;
					ProjectRef = 3CDCA57926CE44EA00BCA491 /* AdvancedAutoLayout.xcodeproj */;
				},
				{
					ProductGroup = 3CDD86BD26CBBD8000E8503C /* Products */;
					ProjectRef = 3CDD86BC26CBBD8000E8503C /* CountryFlags.xcodeproj */;
				},
				{
					ProductGroup = 3CDD871926CBD1C200E8503C /* Products */;
					ProjectRef = 3CDD871826CBD1C200E8503C /* EasyBrowser.xcodeproj */;
				},
				{
					ProductGroup = 3CA8E77F26CA8DF7003AFD9E /* Products */;
					ProjectRef = 3CA8E77E26CA8DF7003AFD9E /* GuessTheFlag.xcodeproj */;
				},
				{
					ProductGroup = 3CDD8C6F26D66E5C00491DBD /* Products */;
					ProjectRef = 3CDD8C6E26D66E5C00491DBD /* HangmanGame.xcodeproj */;
				},
				{
					ProductGroup = 3CFADDFA26D7603B00319FE5 /* Products */;
					ProjectRef = 3CFADDF926D7603B00319FE5 /* NameToFaces.xcodeproj */;
				},
				{
					ProductGroup = 3CC0F41526D8B10300FA9006 /* Products */;
					ProjectRef = 3CC0F41426D8B10300FA9006 /* PachinkoGame.xcodeproj */;
				},
				{
					ProductGroup = 3CA8E73B26CA89FE003AFD9E /* Products */;
					ProjectRef = 3CA8E73A26CA89FE003AFD9E /* PhotoViewer.xcodeproj */;
				},
				{
					ProductGroup = 3C2BE31D26CE88E700324B65 /* Products */;
					ProjectRef = 3C2BE31C26CE88E700324B65 /* ShoppingList.xcodeproj */;
				},
				{
					ProductGroup = 3C788F0926CBA26C00EA5FE0 /* Products */;
					ProjectRef = 3C788F0826CBA26C00EA5FE0 /* SocialShare.xcodeproj */;
				},
				{
					ProductGroup = 3C86B4FA26D4E01200F344C8 /* Products */;
					ProjectRef = 3C86B4F926D4E01200F344C8 /* SwifyWords.xcodeproj */;
				},
				{
					ProductGroup = 3C0A586926CF685700987C4C /* Products */;
					ProjectRef = 3C0A586826CF685700987C4C /* Whitehouse-Petitions.xcodeproj */;
				},
				{
					ProductGroup = 3C3CE58126CD387A0008C2AB /* Products */;
					ProjectRef = 3C3CE58026CD387A0008C2AB /* WordScramble.xcodeproj */;
				},
			);
			projectRoot = "";
			targets = (
			);
		};
/* End PBXProject section */

/* Begin PBXReferenceProxy section */
		3C0A587426CF685800987C4C /* Whitehouse-Petitions.app */ = {
			isa = PBXReferenceProxy;
			fileType = wrapper.application;
			path = "Whitehouse-Petitions.app";
			remoteRef = 3C0A587326CF685800987C4C /* PBXContainerItemProxy */;
			sourceTree = BUILT_PRODUCTS_DIR;
		};
		3C2BE32126CE88E800324B65 /* ShoppingList.app */ = {
			isa = PBXReferenceProxy;
			fileType = wrapper.application;
			path = ShoppingList.app;
			remoteRef = 3C2BE32026CE88E800324B65 /* PBXContainerItemProxy */;
			sourceTree = BUILT_PRODUCTS_DIR;
		};
		3C3CE58A26CD387B0008C2AB /* WordScramble.app */ = {
			isa = PBXReferenceProxy;
			fileType = wrapper.application;
			path = WordScramble.app;
			remoteRef = 3C3CE58926CD387B0008C2AB /* PBXContainerItemProxy */;
			sourceTree = BUILT_PRODUCTS_DIR;
		};
		3C788F0F26CBA26D00EA5FE0 /* SocialShare.app */ = {
			isa = PBXReferenceProxy;
			fileType = wrapper.application;
			path = SocialShare.app;
			remoteRef = 3C788F0E26CBA26D00EA5FE0 /* PBXContainerItemProxy */;
			sourceTree = BUILT_PRODUCTS_DIR;
		};
		3C86B50526D4E01300F344C8 /* SwifyWords.app */ = {
			isa = PBXReferenceProxy;
			fileType = wrapper.application;
			path = SwifyWords.app;
			remoteRef = 3C86B50426D4E01300F344C8 /* PBXContainerItemProxy */;
			sourceTree = BUILT_PRODUCTS_DIR;
		};
		3CA8E73F26CA89FF003AFD9E /* PhotoViewer.app */ = {
			isa = PBXReferenceProxy;
			fileType = wrapper.application;
			path = PhotoViewer.app;
			remoteRef = 3CA8E73E26CA89FF003AFD9E /* PBXContainerItemProxy */;
			sourceTree = BUILT_PRODUCTS_DIR;
		};
		3CA8E78326CA8DF8003AFD9E /* GuessTheFlag.app */ = {
			isa = PBXReferenceProxy;
			fileType = wrapper.application;
			path = GuessTheFlag.app;
			remoteRef = 3CA8E78226CA8DF8003AFD9E /* PBXContainerItemProxy */;
			sourceTree = BUILT_PRODUCTS_DIR;
		};
		3CC0F41F26D8B10300FA9006 /* PachinkoGame.app */ = {
			isa = PBXReferenceProxy;
			fileType = wrapper.application;
			path = PachinkoGame.app;
			remoteRef = 3CC0F41E26D8B10300FA9006 /* PBXContainerItemProxy */;
			sourceTree = BUILT_PRODUCTS_DIR;
		};
		3CDCA57E26CE44EA00BCA491 /* AdvancedAutoLayout.app */ = {
			isa = PBXReferenceProxy;
			fileType = wrapper.application;
			path = AdvancedAutoLayout.app;
			remoteRef = 3CDCA57D26CE44EA00BCA491 /* PBXContainerItemProxy */;
			sourceTree = BUILT_PRODUCTS_DIR;
		};
		3CDD86C126CBBD8100E8503C /* CountryFlags.app */ = {
			isa = PBXReferenceProxy;
			fileType = wrapper.application;
			path = CountryFlags.app;
			remoteRef = 3CDD86C026CBBD8100E8503C /* PBXContainerItemProxy */;
			sourceTree = BUILT_PRODUCTS_DIR;
		};
		3CDD871D26CBD1C300E8503C /* EasyBrowser.app */ = {
			isa = PBXReferenceProxy;
			fileType = wrapper.application;
			path = EasyBrowser.app;
			remoteRef = 3CDD871C26CBD1C300E8503C /* PBXContainerItemProxy */;
			sourceTree = BUILT_PRODUCTS_DIR;
		};
		3CDD8C7726D66E5D00491DBD /* HangmanGame.app */ = {
			isa = PBXReferenceProxy;
			fileType = wrapper.application;
			path = HangmanGame.app;
			remoteRef = 3CDD8C7626D66E5D00491DBD /* PBXContainerItemProxy */;
			sourceTree = BUILT_PRODUCTS_DIR;
		};
		3CFADE0326D7603C00319FE5 /* NameToFaces.app */ = {
			isa = PBXReferenceProxy;
			fileType = wrapper.application;
			path = NameToFaces.app;
			remoteRef = 3CFADE0226D7603C00319FE5 /* PBXContainerItemProxy */;
			sourceTree = BUILT_PRODUCTS_DIR;
		};
/* End PBXReferenceProxy section */

/* Begin XCBuildConfiguration section */
		3CA8E6CC26CA84F0003AFD9E /* Debug */ = {
			isa = XCBuildConfiguration;
			buildSettings = {
			};
			name = Debug;
		};
		3CA8E6CD26CA84F0003AFD9E /* Release */ = {
			isa = XCBuildConfiguration;
			buildSettings = {
			};
			name = Release;
		};
/* End XCBuildConfiguration section */

/* Begin XCConfigurationList section */
		3CA8E6CB26CA84F0003AFD9E /* Build configuration list for PBXProject "Swift-Samples" */ = {
			isa = XCConfigurationList;
			buildConfigurations = (
				3CA8E6CC26CA84F0003AFD9E /* Debug */,
				3CA8E6CD26CA84F0003AFD9E /* Release */,
			);
			defaultConfigurationIsVisible = 0;
			defaultConfigurationName = Release;
		};
/* End XCConfigurationList section */
	};
	rootObject = 3CA8E6C826CA84F0003AFD9E /* Project object */;
}
