// !$*UTF8*$!
{
	archiveVersion = 1;
	classes = {
	};
	objectVersion = 50;
	objects = {

/* Begin PBXBuildFile section */
		3CDD86A926CBBD8000E8503C /* AppDelegate.swift in Sources */ = {isa = PBXBuildFile; fileRef = 3CDD86A826CBBD8000E8503C /* AppDelegate.swift */; };
		3CDD86AB26CBBD8000E8503C /* SceneDelegate.swift in Sources */ = {isa = PBXBuildFile; fileRef = 3CDD86AA26CBBD8000E8503C /* SceneDelegate.swift */; };
		3CDD86AD26CBBD8000E8503C /* ViewController.swift in Sources */ = {isa = PBXBuildFile; fileRef = 3CDD86AC26CBBD8000E8503C /* ViewController.swift */; };
		3CDD86B026CBBD8000E8503C /* Main.storyboard in Resources */ = {isa = PBXBuildFile; fileRef = 3CDD86AE26CBBD8000E8503C /* Main.storyboard */; };
		3CDD86B226CBBD8000E8503C /* Assets.xcassets in Resources */ = {isa = PBXBuildFile; fileRef = 3CDD86B126CBBD8000E8503C /* Assets.xcassets */; };
		3CDD86B526CBBD8000E8503C /* LaunchScreen.storyboard in Resources */ = {isa = PBXBuildFile; fileRef = 3CDD86B326CBBD8000E8503C /* LaunchScreen.storyboard */; };
		3CDD86C626CBBE5B00E8503C /* DetailViewController.swift in Sources */ = {isa = PBXBuildFile; fileRef = 3CDD86C526CBBE5B00E8503C /* DetailViewController.swift */; };
		3CDD86E026CBC00100E8503C /* flag-germany@2x.png in Resources */ = {isa = PBXBuildFile; fileRef = 3CDD86C826CBC00100E8503C /* flag-germany@2x.png */; };
		3CDD86E126CBC00100E8503C /* flag-spain@2x.png in Resources */ = {isa = PBXBuildFile; fileRef = 3CDD86C926CBC00100E8503C /* flag-spain@2x.png */; };
		3CDD86E226CBC00100E8503C /* flag-ireland@3x.png in Resources */ = {isa = PBXBuildFile; fileRef = 3CDD86CA26CBC00100E8503C /* flag-ireland@3x.png */; };
		3CDD86E326CBC00100E8503C /* flag-ireland@2x.png in Resources */ = {isa = PBXBuildFile; fileRef = 3CDD86CB26CBC00100E8503C /* flag-ireland@2x.png */; };
		3CDD86E426CBC00100E8503C /* flag-spain@3x.png in Resources */ = {isa = PBXBuildFile; fileRef = 3CDD86CC26CBC00100E8503C /* flag-spain@3x.png */; };
		3CDD86E526CBC00100E8503C /* flag-germany@3x.png in Resources */ = {isa = PBXBuildFile; fileRef = 3CDD86CD26CBC00100E8503C /* flag-germany@3x.png */; };
		3CDD86E626CBC00100E8503C /* flag-nigeria@3x.png in Resources */ = {isa = PBXBuildFile; fileRef = 3CDD86CE26CBC00100E8503C /* flag-nigeria@3x.png */; };
		3CDD86E726CBC00100E8503C /* flag-italy@3x.png in Resources */ = {isa = PBXBuildFile; fileRef = 3CDD86CF26CBC00100E8503C /* flag-italy@3x.png */; };
		3CDD86E826CBC00100E8503C /* flag-italy@2x.png in Resources */ = {isa = PBXBuildFile; fileRef = 3CDD86D026CBC00100E8503C /* flag-italy@2x.png */; };
		3CDD86E926CBC00100E8503C /* flag-nigeria@2x.png in Resources */ = {isa = PBXBuildFile; fileRef = 3CDD86D126CBC00100E8503C /* flag-nigeria@2x.png */; };
		3CDD86EA26CBC00100E8503C /* flag-uk@3x.png in Resources */ = {isa = PBXBuildFile; fileRef = 3CDD86D226CBC00100E8503C /* flag-uk@3x.png */; };
		3CDD86EB26CBC00100E8503C /* flag-us@3x.png in Resources */ = {isa = PBXBuildFile; fileRef = 3CDD86D326CBC00100E8503C /* flag-us@3x.png */; };
		3CDD86EC26CBC00100E8503C /* flag-poland@2x.png in Resources */ = {isa = PBXBuildFile; fileRef = 3CDD86D426CBC00100E8503C /* flag-poland@2x.png */; };
		3CDD86ED26CBC00100E8503C /* flag-russia@2x.png in Resources */ = {isa = PBXBuildFile; fileRef = 3CDD86D526CBC00100E8503C /* flag-russia@2x.png */; };
		3CDD86EE26CBC00100E8503C /* flag-russia@3x.png in Resources */ = {isa = PBXBuildFile; fileRef = 3CDD86D626CBC00100E8503C /* flag-russia@3x.png */; };
		3CDD86EF26CBC00100E8503C /* flag-poland@3x.png in Resources */ = {isa = PBXBuildFile; fileRef = 3CDD86D726CBC00100E8503C /* flag-poland@3x.png */; };
		3CDD86F026CBC00100E8503C /* flag-us@2x.png in Resources */ = {isa = PBXBuildFile; fileRef = 3CDD86D826CBC00100E8503C /* flag-us@2x.png */; };
		3CDD86F126CBC00100E8503C /* flag-uk@2x.png in Resources */ = {isa = PBXBuildFile; fileRef = 3CDD86D926CBC00100E8503C /* flag-uk@2x.png */; };
		3CDD86F226CBC00100E8503C /* flag-france@3x.png in Resources */ = {isa = PBXBuildFile; fileRef = 3CDD86DA26CBC00100E8503C /* flag-france@3x.png */; };
		3CDD86F326CBC00100E8503C /* flag-estonia@3x.png in Resources */ = {isa = PBXBuildFile; fileRef = 3CDD86DB26CBC00100E8503C /* flag-estonia@3x.png */; };
		3CDD86F426CBC00100E8503C /* flag-monaco@2x.png in Resources */ = {isa = PBXBuildFile; fileRef = 3CDD86DC26CBC00100E8503C /* flag-monaco@2x.png */; };
		3CDD86F526CBC00100E8503C /* flag-monaco@3x.png in Resources */ = {isa = PBXBuildFile; fileRef = 3CDD86DD26CBC00100E8503C /* flag-monaco@3x.png */; };
		3CDD86F626CBC00100E8503C /* flag-estonia@2x.png in Resources */ = {isa = PBXBuildFile; fileRef = 3CDD86DE26CBC00100E8503C /* flag-estonia@2x.png */; };
		3CDD86F726CBC00100E8503C /* flag-france@2x.png in Resources */ = {isa = PBXBuildFile; fileRef = 3CDD86DF26CBC00100E8503C /* flag-france@2x.png */; };
/* End PBXBuildFile section */

/* Begin PBXFileReference section */
		3CDD86A526CBBD8000E8503C /* CountryFlags.app */ = {isa = PBXFileReference; explicitFileType = wrapper.application; includeInIndex = 0; path = CountryFlags.app; sourceTree = BUILT_PRODUCTS_DIR; };
		3CDD86A826CBBD8000E8503C /* AppDelegate.swift */ = {isa = PBXFileReference; lastKnownFileType = sourcecode.swift; path = AppDelegate.swift; sourceTree = "<group>"; };
		3CDD86AA26CBBD8000E8503C /* SceneDelegate.swift */ = {isa = PBXFileReference; lastKnownFileType = sourcecode.swift; path = SceneDelegate.swift; sourceTree = "<group>"; };
		3CDD86AC26CBBD8000E8503C /* ViewController.swift */ = {isa = PBXFileReference; lastKnownFileType = sourcecode.swift; path = ViewController.swift; sourceTree = "<group>"; };
		3CDD86AF26CBBD8000E8503C /* Base */ = {isa = PBXFileReference; lastKnownFileType = file.storyboard; name = Base; path = Base.lproj/Main.storyboard; sourceTree = "<group>"; };
		3CDD86B126CBBD8000E8503C /* Assets.xcassets */ = {isa = PBXFileReference; lastKnownFileType = folder.assetcatalog; path = Assets.xcassets; sourceTree = "<group>"; };
		3CDD86B426CBBD8000E8503C /* Base */ = {isa = PBXFileReference; lastKnownFileType = file.storyboard; name = Base; path = Base.lproj/LaunchScreen.storyboard; sourceTree = "<group>"; };
		3CDD86B626CBBD8000E8503C /* Info.plist */ = {isa = PBXFileReference; lastKnownFileType = text.plist.xml; path = Info.plist; sourceTree = "<group>"; };
		3CDD86C526CBBE5B00E8503C /* DetailViewController.swift */ = {isa = PBXFileReference; lastKnownFileType = sourcecode.swift; path = DetailViewController.swift; sourceTree = "<group>"; };
		3CDD86C826CBC00100E8503C /* flag-germany@2x.png */ = {isa = PBXFileReference; lastKnownFileType = image.png; path = "flag-germany@2x.png"; sourceTree = "<group>"; };
		3CDD86C926CBC00100E8503C /* flag-spain@2x.png */ = {isa = PBXFileReference; lastKnownFileType = image.png; path = "flag-spain@2x.png"; sourceTree = "<group>"; };
		3CDD86CA26CBC00100E8503C /* flag-ireland@3x.png */ = {isa = PBXFileReference; lastKnownFileType = image.png; path = "flag-ireland@3x.png"; sourceTree = "<group>"; };
		3CDD86CB26CBC00100E8503C /* flag-ireland@2x.png */ = {isa = PBXFileReference; lastKnownFileType = image.png; path = "flag-ireland@2x.png"; sourceTree = "<group>"; };
		3CDD86CC26CBC00100E8503C /* flag-spain@3x.png */ = {isa = PBXFileReference; lastKnownFileType = image.png; path = "flag-spain@3x.png"; sourceTree = "<group>"; };
		3CDD86CD26CBC00100E8503C /* flag-germany@3x.png */ = {isa = PBXFileReference; lastKnownFileType = image.png; path = "flag-germany@3x.png"; sourceTree = "<group>"; };
		3CDD86CE26CBC00100E8503C /* flag-nigeria@3x.png */ = {isa = PBXFileReference; lastKnownFileType = image.png; path = "flag-nigeria@3x.png"; sourceTree = "<group>"; };
		3CDD86CF26CBC00100E8503C /* flag-italy@3x.png */ = {isa = PBXFileReference; lastKnownFileType = image.png; path = "flag-italy@3x.png"; sourceTree = "<group>"; };
		3CDD86D026CBC00100E8503C /* flag-italy@2x.png */ = {isa = PBXFileReference; lastKnownFileType = image.png; path = "flag-italy@2x.png"; sourceTree = "<group>"; };
		3CDD86D126CBC00100E8503C /* flag-nigeria@2x.png */ = {isa = PBXFileReference; lastKnownFileType = image.png; path = "flag-nigeria@2x.png"; sourceTree = "<group>"; };
		3CDD86D226CBC00100E8503C /* flag-uk@3x.png */ = {isa = PBXFileReference; lastKnownFileType = image.png; path = "flag-uk@3x.png"; sourceTree = "<group>"; };
		3CDD86D326CBC00100E8503C /* flag-us@3x.png */ = {isa = PBXFileReference; lastKnownFileType = image.png; path = "flag-us@3x.png"; sourceTree = "<group>"; };
		3CDD86D426CBC00100E8503C /* flag-poland@2x.png */ = {isa = PBXFileReference; lastKnownFileType = image.png; path = "flag-poland@2x.png"; sourceTree = "<group>"; };
		3CDD86D526CBC00100E8503C /* flag-russia@2x.png */ = {isa = PBXFileReference; lastKnownFileType = image.png; path = "flag-russia@2x.png"; sourceTree = "<group>"; };
		3CDD86D626CBC00100E8503C /* flag-russia@3x.png */ = {isa = PBXFileReference; lastKnownFileType = image.png; path = "flag-russia@3x.png"; sourceTree = "<group>"; };
		3CDD86D726CBC00100E8503C /* flag-poland@3x.png */ = {isa = PBXFileReference; lastKnownFileType = image.png; path = "flag-poland@3x.png"; sourceTree = "<group>"; };
		3CDD86D826CBC00100E8503C /* flag-us@2x.png */ = {isa = PBXFileReference; lastKnownFileType = image.png; path = "flag-us@2x.png"; sourceTree = "<group>"; };
		3CDD86D926CBC00100E8503C /* flag-uk@2x.png */ = {isa = PBXFileReference; lastKnownFileType = image.png; path = "flag-uk@2x.png"; sourceTree = "<group>"; };
		3CDD86DA26CBC00100E8503C /* flag-france@3x.png */ = {isa = PBXFileReference; lastKnownFileType = image.png; path = "flag-france@3x.png"; sourceTree = "<group>"; };
		3CDD86DB26CBC00100E8503C /* flag-estonia@3x.png */ = {isa = PBXFileReference; lastKnownFileType = image.png; path = "flag-estonia@3x.png"; sourceTree = "<group>"; };
		3CDD86DC26CBC00100E8503C /* flag-monaco@2x.png */ = {isa = PBXFileReference; lastKnownFileType = image.png; path = "flag-monaco@2x.png"; sourceTree = "<group>"; };
		3CDD86DD26CBC00100E8503C /* flag-monaco@3x.png */ = {isa = PBXFileReference; lastKnownFileType = image.png; path = "flag-monaco@3x.png"; sourceTree = "<group>"; };
		3CDD86DE26CBC00100E8503C /* flag-estonia@2x.png */ = {isa = PBXFileReference; lastKnownFileType = image.png; path = "flag-estonia@2x.png"; sourceTree = "<group>"; };
		3CDD86DF26CBC00100E8503C /* flag-france@2x.png */ = {isa = PBXFileReference; lastKnownFileType = image.png; path = "flag-france@2x.png"; sourceTree = "<group>"; };
/* End PBXFileReference section */

/* Begin PBXFrameworksBuildPhase section */
		3CDD86A226CBBD8000E8503C /* Frameworks */ = {
			isa = PBXFrameworksBuildPhase;
			buildActionMask = 2147483647;
			files = (
			);
			runOnlyForDeploymentPostprocessing = 0;
		};
/* End PBXFrameworksBuildPhase section */

/* Begin PBXGroup section */
		3CDD869C26CBBD8000E8503C = {
			isa = PBXGroup;
			children = (
				3CDD86C726CBC00100E8503C /* project2-files */,
				3CDD86A726CBBD8000E8503C /* CountryFlags */,
				3CDD86A626CBBD8000E8503C /* Products */,
			);
			sourceTree = "<group>";
		};
		3CDD86A626CBBD8000E8503C /* Products */ = {
			isa = PBXGroup;
			children = (
				3CDD86A526CBBD8000E8503C /* CountryFlags.app */,
			);
			name = Products;
			sourceTree = "<group>";
		};
		3CDD86A726CBBD8000E8503C /* CountryFlags */ = {
			isa = PBXGroup;
			children = (
				3CDD86A826CBBD8000E8503C /* AppDelegate.swift */,
				3CDD86AA26CBBD8000E8503C /* SceneDelegate.swift */,
				3CDD86AC26CBBD8000E8503C /* ViewController.swift */,
				3CDD86AE26CBBD8000E8503C /* Main.storyboard */,
				3CDD86B126CBBD8000E8503C /* Assets.xcassets */,
				3CDD86B326CBBD8000E8503C /* LaunchScreen.storyboard */,
				3CDD86B626CBBD8000E8503C /* Info.plist */,
				3CDD86C526CBBE5B00E8503C /* DetailViewController.swift */,
			);
			path = CountryFlags;
			sourceTree = "<group>";
		};
		3CDD86C726CBC00100E8503C /* project2-files */ = {
			isa = PBXGroup;
			children = (
				3CDD86C826CBC00100E8503C /* flag-germany@2x.png */,
				3CDD86C926CBC00100E8503C /* flag-spain@2x.png */,
				3CDD86CA26CBC00100E8503C /* flag-ireland@3x.png */,
				3CDD86CB26CBC00100E8503C /* flag-ireland@2x.png */,
				3CDD86CC26CBC00100E8503C /* flag-spain@3x.png */,
				3CDD86CD26CBC00100E8503C /* flag-germany@3x.png */,
				3CDD86CE26CBC00100E8503C /* flag-nigeria@3x.png */,
				3CDD86CF26CBC00100E8503C /* flag-italy@3x.png */,
				3CDD86D026CBC00100E8503C /* flag-italy@2x.png */,
				3CDD86D126CBC00100E8503C /* flag-nigeria@2x.png */,
				3CDD86D226CBC00100E8503C /* flag-uk@3x.png */,
				3CDD86D326CBC00100E8503C /* flag-us@3x.png */,
				3CDD86D426CBC00100E8503C /* flag-poland@2x.png */,
				3CDD86D526CBC00100E8503C /* flag-russia@2x.png */,
				3CDD86D626CBC00100E8503C /* flag-russia@3x.png */,
				3CDD86D726CBC00100E8503C /* flag-poland@3x.png */,
				3CDD86D826CBC00100E8503C /* flag-us@2x.png */,
				3CDD86D926CBC00100E8503C /* flag-uk@2x.png */,
				3CDD86DA26CBC00100E8503C /* flag-france@3x.png */,
				3CDD86DB26CBC00100E8503C /* flag-estonia@3x.png */,
				3CDD86DC26CBC00100E8503C /* flag-monaco@2x.png */,
				3CDD86DD26CBC00100E8503C /* flag-monaco@3x.png */,
				3CDD86DE26CBC00100E8503C /* flag-estonia@2x.png */,
				3CDD86DF26CBC00100E8503C /* flag-france@2x.png */,
			);
			path = "project2-files";
			sourceTree = "<group>";
		};
/* End PBXGroup section */

/* Begin PBXNativeTarget section */
		3CDD86A426CBBD8000E8503C /* CountryFlags */ = {
			isa = PBXNativeTarget;
			buildConfigurationList = 3CDD86B926CBBD8000E8503C /* Build configuration list for PBXNativeTarget "CountryFlags" */;
			buildPhases = (
				3CDD86A126CBBD8000E8503C /* Sources */,
				3CDD86A226CBBD8000E8503C /* Frameworks */,
				3CDD86A326CBBD8000E8503C /* Resources */,
			);
			buildRules = (
			);
			dependencies = (
			);
			name = CountryFlags;
			productName = CountryFlags;
			productReference = 3CDD86A526CBBD8000E8503C /* CountryFlags.app */;
			productType = "com.apple.product-type.application";
		};
/* End PBXNativeTarget section */

/* Begin PBXProject section */
		3CDD869D26CBBD8000E8503C /* Project object */ = {
			isa = PBXProject;
			attributes = {
				LastSwiftUpdateCheck = 1250;
				LastUpgradeCheck = 1250;
				TargetAttributes = {
					3CDD86A426CBBD8000E8503C = {
						CreatedOnToolsVersion = 12.5.1;
					};
				};
			};
			buildConfigurationList = 3CDD86A026CBBD8000E8503C /* Build configuration list for PBXProject "CountryFlags" */;
			compatibilityVersion = "Xcode 9.3";
			developmentRegion = en;
			hasScannedForEncodings = 0;
			knownRegions = (
				en,
				Base,
			);
			mainGroup = 3CDD869C26CBBD8000E8503C;
			productRefGroup = 3CDD86A626CBBD8000E8503C /* Products */;
			projectDirPath = "";
			projectRoot = "";
			targets = (
				3CDD86A426CBBD8000E8503C /* CountryFlags */,
			);
		};
/* End PBXProject section */

/* Begin PBXResourcesBuildPhase section */
		3CDD86A326CBBD8000E8503C /* Resources */ = {
			isa = PBXResourcesBuildPhase;
			buildActionMask = 2147483647;
			files = (
				3CDD86F226CBC00100E8503C /* flag-france@3x.png in Resources */,
				3CDD86EB26CBC00100E8503C /* flag-us@3x.png in Resources */,
				3CDD86F526CBC00100E8503C /* flag-monaco@3x.png in Resources */,
				3CDD86E826CBC00100E8503C /* flag-italy@2x.png in Resources */,
				3CDD86EE26CBC00100E8503C /* flag-russia@3x.png in Resources */,
				3CDD86EA26CBC00100E8503C /* flag-uk@3x.png in Resources */,
				3CDD86ED26CBC00100E8503C /* flag-russia@2x.png in Resources */,
				3CDD86E526CBC00100E8503C /* flag-germany@3x.png in Resources */,
				3CDD86F626CBC00100E8503C /* flag-estonia@2x.png in Resources */,
				3CDD86EC26CBC00100E8503C /* flag-poland@2x.png in Resources */,
				3CDD86F726CBC00100E8503C /* flag-france@2x.png in Resources */,
				3CDD86F126CBC00100E8503C /* flag-uk@2x.png in Resources */,
				3CDD86E326CBC00100E8503C /* flag-ireland@2x.png in Resources */,
				3CDD86E426CBC00100E8503C /* flag-spain@3x.png in Resources */,
				3CDD86F426CBC00100E8503C /* flag-monaco@2x.png in Resources */,
				3CDD86B526CBBD8000E8503C /* LaunchScreen.storyboard in Resources */,
				3CDD86F026CBC00100E8503C /* flag-us@2x.png in Resources */,
				3CDD86E226CBC00100E8503C /* flag-ireland@3x.png in Resources */,
				3CDD86F326CBC00100E8503C /* flag-estonia@3x.png in Resources */,
				3CDD86B226CBBD8000E8503C /* Assets.xcassets in Resources */,
				3CDD86E926CBC00100E8503C /* flag-nigeria@2x.png in Resources */,
				3CDD86E126CBC00100E8503C /* flag-spain@2x.png in Resources */,
				3CDD86EF26CBC00100E8503C /* flag-poland@3x.png in Resources */,
				3CDD86E026CBC00100E8503C /* flag-germany@2x.png in Resources */,
				3CDD86B026CBBD8000E8503C /* Main.storyboard in Resources */,
				3CDD86E726CBC00100E8503C /* flag-italy@3x.png in Resources */,
				3CDD86E626CBC00100E8503C /* flag-nigeria@3x.png in Resources */,
			);
			runOnlyForDeploymentPostprocessing = 0;
		};
/* End PBXResourcesBuildPhase section */

/* Begin PBXSourcesBuildPhase section */
		3CDD86A126CBBD8000E8503C /* Sources */ = {
			isa = PBXSourcesBuildPhase;
			buildActionMask = 2147483647;
			files = (
				3CDD86AD26CBBD8000E8503C /* ViewController.swift in Sources */,
				3CDD86A926CBBD8000E8503C /* AppDelegate.swift in Sources */,
				3CDD86AB26CBBD8000E8503C /* SceneDelegate.swift in Sources */,
				3CDD86C626CBBE5B00E8503C /* DetailViewController.swift in Sources */,
			);
			runOnlyForDeploymentPostprocessing = 0;
		};
/* End PBXSourcesBuildPhase section */

/* Begin PBXVariantGroup section */
		3CDD86AE26CBBD8000E8503C /* Main.storyboard */ = {
			isa = PBXVariantGroup;
			children = (
				3CDD86AF26CBBD8000E8503C /* Base */,
			);
			name = Main.storyboard;
			sourceTree = "<group>";
		};
		3CDD86B326CBBD8000E8503C /* LaunchScreen.storyboard */ = {
			isa = PBXVariantGroup;
			children = (
				3CDD86B426CBBD8000E8503C /* Base */,
			);
			name = LaunchScreen.storyboard;
			sourceTree = "<group>";
		};
/* End PBXVariantGroup section */

/* Begin XCBuildConfiguration section */
		3CDD86B726CBBD8000E8503C /* Debug */ = {
			isa = XCBuildConfiguration;
			buildSettings = {
				ALWAYS_SEARCH_USER_PATHS = NO;
				CLANG_ANALYZER_NONNULL = YES;
				CLANG_ANALYZER_NUMBER_OBJECT_CONVERSION = YES_AGGRESSIVE;
				CLANG_CXX_LANGUAGE_STANDARD = "gnu++14";
				CLANG_CXX_LIBRARY = "libc++";
				CLANG_ENABLE_MODULES = YES;
				CLANG_ENABLE_OBJC_ARC = YES;
				CLANG_ENABLE_OBJC_WEAK = YES;
				CLANG_WARN_BLOCK_CAPTURE_AUTORELEASING = YES;
				CLANG_WARN_BOOL_CONVERSION = YES;
				CLANG_WARN_COMMA = YES;
				CLANG_WARN_CONSTANT_CONVERSION = YES;
				CLANG_WARN_DEPRECATED_OBJC_IMPLEMENTATIONS = YES;
				CLANG_WARN_DIRECT_OBJC_ISA_USAGE = YES_ERROR;
				CLANG_WARN_DOCUMENTATION_COMMENTS = YES;
				CLANG_WARN_EMPTY_BODY = YES;
				CLANG_WARN_ENUM_CONVERSION = YES;
				CLANG_WARN_INFINITE_RECURSION = YES;
				CLANG_WARN_INT_CONVERSION = YES;
				CLANG_WARN_NON_LITERAL_NULL_CONVERSION = YES;
				CLANG_WARN_OBJC_IMPLICIT_RETAIN_SELF = YES;
				CLANG_WARN_OBJC_LITERAL_CONVERSION = YES;
				CLANG_WARN_OBJC_ROOT_CLASS = YES_ERROR;
				CLANG_WARN_QUOTED_INCLUDE_IN_FRAMEWORK_HEADER = YES;
				CLANG_WARN_RANGE_LOOP_ANALYSIS = YES;
				CLANG_WARN_STRICT_PROTOTYPES = YES;
				CLANG_WARN_SUSPICIOUS_MOVE = YES;
				CLANG_WARN_UNGUARDED_AVAILABILITY = YES_AGGRESSIVE;
				CLANG_WARN_UNREACHABLE_CODE = YES;
				CLANG_WARN__DUPLICATE_METHOD_MATCH = YES;
				COPY_PHASE_STRIP = NO;
				DEBUG_INFORMATION_FORMAT = dwarf;
				ENABLE_STRICT_OBJC_MSGSEND = YES;
				ENABLE_TESTABILITY = YES;
				GCC_C_LANGUAGE_STANDARD = gnu11;
				GCC_DYNAMIC_NO_PIC = NO;
				GCC_NO_COMMON_BLOCKS = YES;
				GCC_OPTIMIZATION_LEVEL = 0;
				GCC_PREPROCESSOR_DEFINITIONS = (
					"DEBUG=1",
					"$(inherited)",
				);
				GCC_WARN_64_TO_32_BIT_CONVERSION = YES;
				GCC_WARN_ABOUT_RETURN_TYPE = YES_ERROR;
				GCC_WARN_UNDECLARED_SELECTOR = YES;
				GCC_WARN_UNINITIALIZED_AUTOS = YES_AGGRESSIVE;
				GCC_WARN_UNUSED_FUNCTION = YES;
				GCC_WARN_UNUSED_VARIABLE = YES;
				IPHONEOS_DEPLOYMENT_TARGET = 14.5;
				MTL_ENABLE_DEBUG_INFO = INCLUDE_SOURCE;
				MTL_FAST_MATH = YES;
				ONLY_ACTIVE_ARCH = YES;
				SDKROOT = iphoneos;
				SWIFT_ACTIVE_COMPILATION_CONDITIONS = DEBUG;
				SWIFT_OPTIMIZATION_LEVEL = "-Onone";
			};
			name = Debug;
		};
		3CDD86B826CBBD8000E8503C /* Release */ = {
			isa = XCBuildConfiguration;
			buildSettings = {
				ALWAYS_SEARCH_USER_PATHS = NO;
				CLANG_ANALYZER_NONNULL = YES;
				CLANG_ANALYZER_NUMBER_OBJECT_CONVERSION = YES_AGGRESSIVE;
				CLANG_CXX_LANGUAGE_STANDARD = "gnu++14";
				CLANG_CXX_LIBRARY = "libc++";
				CLANG_ENABLE_MODULES = YES;
				CLANG_ENABLE_OBJC_ARC = YES;
				CLANG_ENABLE_OBJC_WEAK = YES;
				CLANG_WARN_BLOCK_CAPTURE_AUTORELEASING = YES;
				CLANG_WARN_BOOL_CONVERSION = YES;
				CLANG_WARN_COMMA = YES;
				CLANG_WARN_CONSTANT_CONVERSION = YES;
				CLANG_WARN_DEPRECATED_OBJC_IMPLEMENTATIONS = YES;
				CLANG_WARN_DIRECT_OBJC_ISA_USAGE = YES_ERROR;
				CLANG_WARN_DOCUMENTATION_COMMENTS = YES;
				CLANG_WARN_EMPTY_BODY = YES;
				CLANG_WARN_ENUM_CONVERSION = YES;
				CLANG_WARN_INFINITE_RECURSION = YES;
				CLANG_WARN_INT_CONVERSION = YES;
				CLANG_WARN_NON_LITERAL_NULL_CONVERSION = YES;
				CLANG_WARN_OBJC_IMPLICIT_RETAIN_SELF = YES;
				CLANG_WARN_OBJC_LITERAL_CONVERSION = YES;
				CLANG_WARN_OBJC_ROOT_CLASS = YES_ERROR;
				CLANG_WARN_QUOTED_INCLUDE_IN_FRAMEWORK_HEADER = YES;
				CLANG_WARN_RANGE_LOOP_ANALYSIS = YES;
				CLANG_WARN_STRICT_PROTOTYPES = YES;
				CLANG_WARN_SUSPICIOUS_MOVE = YES;
				CLANG_WARN_UNGUARDED_AVAILABILITY = YES_AGGRESSIVE;
				CLANG_WARN_UNREACHABLE_CODE = YES;
				CLANG_WARN__DUPLICATE_METHOD_MATCH = YES;
				COPY_PHASE_STRIP = NO;
				DEBUG_INFORMATION_FORMAT = "dwarf-with-dsym";
				ENABLE_NS_ASSERTIONS = NO;
				ENABLE_STRICT_OBJC_MSGSEND = YES;
				GCC_C_LANGUAGE_STANDARD = gnu11;
				GCC_NO_COMMON_BLOCKS = YES;
				GCC_WARN_64_TO_32_BIT_CONVERSION = YES;
				GCC_WARN_ABOUT_RETURN_TYPE = YES_ERROR;
				GCC_WARN_UNDECLARED_SELECTOR = YES;
				GCC_WARN_UNINITIALIZED_AUTOS = YES_AGGRESSIVE;
				GCC_WARN_UNUSED_FUNCTION = YES;
				GCC_WARN_UNUSED_VARIABLE = YES;
				IPHONEOS_DEPLOYMENT_TARGET = 14.5;
				MTL_ENABLE_DEBUG_INFO = NO;
				MTL_FAST_MATH = YES;
				SDKROOT = iphoneos;
				SWIFT_COMPILATION_MODE = wholemodule;
				SWIFT_OPTIMIZATION_LEVEL = "-O";
				VALIDATE_PRODUCT = YES;
			};
			name = Release;
		};
		3CDD86BA26CBBD8000E8503C /* Debug */ = {
			isa = XCBuildConfiguration;
			buildSettings = {
				ASSETCATALOG_COMPILER_APPICON_NAME = AppIcon;
				ASSETCATALOG_COMPILER_GLOBAL_ACCENT_COLOR_NAME = AccentColor;
				CODE_SIGN_STYLE = Automatic;
				DEVELOPMENT_TEAM = C9BLA776GD;
				INFOPLIST_FILE = CountryFlags/Info.plist;
				LD_RUNPATH_SEARCH_PATHS = (
					"$(inherited)",
					"@executable_path/Frameworks",
				);
				PRODUCT_BUNDLE_IDENTIFIER = com.softura.CountryFlags;
				PRODUCT_NAME = "$(TARGET_NAME)";
				SWIFT_VERSION = 5.0;
				TARGETED_DEVICE_FAMILY = "1,2";
			};
			name = Debug;
		};
		3CDD86BB26CBBD8000E8503C /* Release */ = {
			isa = XCBuildConfiguration;
			buildSettings = {
				ASSETCATALOG_COMPILER_APPICON_NAME = AppIcon;
				ASSETCATALOG_COMPILER_GLOBAL_ACCENT_COLOR_NAME = AccentColor;
				CODE_SIGN_STYLE = Automatic;
				DEVELOPMENT_TEAM = C9BLA776GD;
				INFOPLIST_FILE = CountryFlags/Info.plist;
				LD_RUNPATH_SEARCH_PATHS = (
					"$(inherited)",
					"@executable_path/Frameworks",
				);
				PRODUCT_BUNDLE_IDENTIFIER = com.softura.CountryFlags;
				PRODUCT_NAME = "$(TARGET_NAME)";
				SWIFT_VERSION = 5.0;
				TARGETED_DEVICE_FAMILY = "1,2";
			};
			name = Release;
		};
/* End XCBuildConfiguration section */

/* Begin XCConfigurationList section */
		3CDD86A026CBBD8000E8503C /* Build configuration list for PBXProject "CountryFlags" */ = {
			isa = XCConfigurationList;
			buildConfigurations = (
				3CDD86B726CBBD8000E8503C /* Debug */,
				3CDD86B826CBBD8000E8503C /* Release */,
			);
			defaultConfigurationIsVisible = 0;
			defaultConfigurationName = Release;
		};
		3CDD86B926CBBD8000E8503C /* Build configuration list for PBXNativeTarget "CountryFlags" */ = {
			isa = XCConfigurationList;
			buildConfigurations = (
				3CDD86BA26CBBD8000E8503C /* Debug */,
				3CDD86BB26CBBD8000E8503C /* Release */,
			);
			defaultConfigurationIsVisible = 0;
			defaultConfigurationName = Release;
		};
/* End XCConfigurationList section */
	};
	rootObject = 3CDD869D26CBBD8000E8503C /* Project object */;
}
